<Solution>
  <Project Path="QuantityMeasurementAPI/QuantityMeasurementAPI.csproj" />
  <Project Path="QuantityMeasurementAppBusinessLayer/QuantityMeasurementAppBusinessLayer.csproj" />
  <Project Path="QuantityMeasurementAppModelLayer/QuantityMeasurementAppModelLayer.csproj" />
  <Project Path="QuantityMeasurementAppRepositoryLayer/QuantityMeasurementAppRepositoryLayer.csproj" />
</Solution>
